
Microsoft Visual Studio Solution File, Format Version 12.00
# Visual Studio Version 16
VisualStudioVersion = 16.0.32510.428
MinimumVisualStudioVersion = 10.0.40219.1
Project("{2150E333-8FDC-42A3-9474-1A3956D46DE8}") = "Services", "Services", "{4DACFA66-5669-4A30-A812-98A9C9D7B0D7}"
EndProject
Project("{2150E333-8FDC-42A3-9474-1A3956D46DE8}") = "Cart", "Cart", "{5A3EC7B4-95AD-4262-A733-8518062BABCC}"
EndProject
Project("{2150E333-8FDC-42A3-9474-1A3956D46DE8}") = "Catalog", "Catalog", "{3D399BED-7446-4B77-AD4C-DDF3892148E7}"
EndProject
Project("{9A19103F-16F7-4668-BE54-9A1E7A4F7556}") = "OrderMe.Catalog.DataAccess", "Services\Catalog\OrderMe.Catalog.DataAccess\OrderMe.Catalog.DataAccess.csproj", "{5EF7C89A-A3DD-4EBC-8106-65F0D66F9935}"
EndProject
Project("{9A19103F-16F7-4668-BE54-9A1E7A4F7556}") = "OrderMe.Catalog.BusinessLogic", "Services\Catalog\OrderMe.Catalog.BusinessLogic\OrderMe.Catalog.BusinessLogic.csproj", "{47179534-DCB7-451B-A96F-DF9000A4A1FA}"
EndProject
Project("{9A19103F-16F7-4668-BE54-9A1E7A4F7556}") = "OrderMe.Catalog.Api", "Services\Catalog\OrderMe.Catalog.Api\OrderMe.Catalog.Api.csproj", "{D732F38A-FEDF-4034-AE32-CC4D79094F47}"
EndProject
Project("{9A19103F-16F7-4668-BE54-9A1E7A4F7556}") = "OrderMe.Cart.Api", "Services\Cart\OrderMe.Cart.Api\OrderMe.Cart.Api.csproj", "{61CF06D0-8F40-4356-B486-D287C50A5596}"
EndProject
Project("{9A19103F-16F7-4668-BE54-9A1E7A4F7556}") = "OrderMe.Cart.BusinessLogic", "Services\Cart\OrderMe.Cart.BusinessLogic\OrderMe.Cart.BusinessLogic.csproj", "{35396733-B9E4-4480-95AD-096EDDAC46E1}"
EndProject
Project("{9A19103F-16F7-4668-BE54-9A1E7A4F7556}") = "OrderMe.Cart.DataAccess", "Services\Cart\OrderMe.Cart.DataAccess\OrderMe.Cart.DataAccess.csproj", "{874AF392-27E0-4B99-AE34-805CA9B7ECCA}"
EndProject
Project("{9A19103F-16F7-4668-BE54-9A1E7A4F7556}") = "OrderMe.Cart.BusinessLogic.Test", "Services\Cart\OrderMe.Cart.BusinessLogic.Test\OrderMe.Cart.BusinessLogic.Test.csproj", "{46348B56-CABD-4311-88A9-C9145A0C9B6A}"
EndProject
Project("{9A19103F-16F7-4668-BE54-9A1E7A4F7556}") = "OrderMe.Catalog.BusinessLogic.Test", "Services\Catalog\OrderMe.Catalog.BusinessLogic.Test\OrderMe.Catalog.BusinessLogic.Test.csproj", "{078CD4E5-F8A9-4E46-8147-58F336C4F7FA}"
EndProject
Project("{2150E333-8FDC-42A3-9474-1A3956D46DE8}") = "Integration", "Integration", "{0436ED1D-E8B2-426C-83D1-6CBA5A89D229}"
EndProject
Project("{9A19103F-16F7-4668-BE54-9A1E7A4F7556}") = "OrderMe.Integration.Models", "Integration\OrderMe.Integration.Models\OrderMe.Integration.Models.csproj", "{C3492202-54EF-4AE2-B70D-48F3E13D8CF4}"
EndProject
Project("{2150E333-8FDC-42A3-9474-1A3956D46DE8}") = "Apps", "Apps", "{18BCBB59-3C99-4652-B1A9-8F1BEF76BD73}"
EndProject
Project("{9A19103F-16F7-4668-BE54-9A1E7A4F7556}") = "PermissionManagement.MVC", "Apps\PermissionManagement.MVC\PermissionManagement.MVC.csproj", "{CC03348C-0788-48CE-8DB1-6558C2606F80}"
EndProject
Global
	GlobalSection(SolutionConfigurationPlatforms) = preSolution
		Debug|Any CPU = Debug|Any CPU
		Release|Any CPU = Release|Any CPU
	EndGlobalSection
	GlobalSection(ProjectConfigurationPlatforms) = postSolution
		{5EF7C89A-A3DD-4EBC-8106-65F0D66F9935}.Debug|Any CPU.ActiveCfg = Debug|Any CPU
		{5EF7C89A-A3DD-4EBC-8106-65F0D66F9935}.Debug|Any CPU.Build.0 = Debug|Any CPU
		{5EF7C89A-A3DD-4EBC-8106-65F0D66F9935}.Release|Any CPU.ActiveCfg = Release|Any CPU
		{5EF7C89A-A3DD-4EBC-8106-65F0D66F9935}.Release|Any CPU.Build.0 = Release|Any CPU
		{47179534-DCB7-451B-A96F-DF9000A4A1FA}.Debug|Any CPU.ActiveCfg = Debug|Any CPU
		{47179534-DCB7-451B-A96F-DF9000A4A1FA}.Debug|Any CPU.Build.0 = Debug|Any CPU
		{47179534-DCB7-451B-A96F-DF9000A4A1FA}.Release|Any CPU.ActiveCfg = Release|Any CPU
		{47179534-DCB7-451B-A96F-DF9000A4A1FA}.Release|Any CPU.Build.0 = Release|Any CPU
		{D732F38A-FEDF-4034-AE32-CC4D79094F47}.Debug|Any CPU.ActiveCfg = Debug|Any CPU
		{D732F38A-FEDF-4034-AE32-CC4D79094F47}.Debug|Any CPU.Build.0 = Debug|Any CPU
		{D732F38A-FEDF-4034-AE32-CC4D79094F47}.Release|Any CPU.ActiveCfg = Release|Any CPU
		{D732F38A-FEDF-4034-AE32-CC4D79094F47}.Release|Any CPU.Build.0 = Release|Any CPU
		{61CF06D0-8F40-4356-B486-D287C50A5596}.Debug|Any CPU.ActiveCfg = Debug|Any CPU
		{61CF06D0-8F40-4356-B486-D287C50A5596}.Debug|Any CPU.Build.0 = Debug|Any CPU
		{61CF06D0-8F40-4356-B486-D287C50A5596}.Release|Any CPU.ActiveCfg = Release|Any CPU
		{61CF06D0-8F40-4356-B486-D287C50A5596}.Release|Any CPU.Build.0 = Release|Any CPU
		{35396733-B9E4-4480-95AD-096EDDAC46E1}.Debug|Any CPU.ActiveCfg = Debug|Any CPU
		{35396733-B9E4-4480-95AD-096EDDAC46E1}.Debug|Any CPU.Build.0 = Debug|Any CPU
		{35396733-B9E4-4480-95AD-096EDDAC46E1}.Release|Any CPU.ActiveCfg = Release|Any CPU
		{35396733-B9E4-4480-95AD-096EDDAC46E1}.Release|Any CPU.Build.0 = Release|Any CPU
		{874AF392-27E0-4B99-AE34-805CA9B7ECCA}.Debug|Any CPU.ActiveCfg = Debug|Any CPU
		{874AF392-27E0-4B99-AE34-805CA9B7ECCA}.Debug|Any CPU.Build.0 = Debug|Any CPU
		{874AF392-27E0-4B99-AE34-805CA9B7ECCA}.Release|Any CPU.ActiveCfg = Release|Any CPU
		{874AF392-27E0-4B99-AE34-805CA9B7ECCA}.Release|Any CPU.Build.0 = Release|Any CPU
		{46348B56-CABD-4311-88A9-C9145A0C9B6A}.Debug|Any CPU.ActiveCfg = Debug|Any CPU
		{46348B56-CABD-4311-88A9-C9145A0C9B6A}.Debug|Any CPU.Build.0 = Debug|Any CPU
		{46348B56-CABD-4311-88A9-C9145A0C9B6A}.Release|Any CPU.ActiveCfg = Release|Any CPU
		{46348B56-CABD-4311-88A9-C9145A0C9B6A}.Release|Any CPU.Build.0 = Release|Any CPU
		{078CD4E5-F8A9-4E46-8147-58F336C4F7FA}.Debug|Any CPU.ActiveCfg = Debug|Any CPU
		{078CD4E5-F8A9-4E46-8147-58F336C4F7FA}.Debug|Any CPU.Build.0 = Debug|Any CPU
		{078CD4E5-F8A9-4E46-8147-58F336C4F7FA}.Release|Any CPU.ActiveCfg = Release|Any CPU
		{078CD4E5-F8A9-4E46-8147-58F336C4F7FA}.Release|Any CPU.Build.0 = Release|Any CPU
		{C3492202-54EF-4AE2-B70D-48F3E13D8CF4}.Debug|Any CPU.ActiveCfg = Debug|Any CPU
		{C3492202-54EF-4AE2-B70D-48F3E13D8CF4}.Debug|Any CPU.Build.0 = Debug|Any CPU
		{C3492202-54EF-4AE2-B70D-48F3E13D8CF4}.Release|Any CPU.ActiveCfg = Release|Any CPU
		{C3492202-54EF-4AE2-B70D-48F3E13D8CF4}.Release|Any CPU.Build.0 = Release|Any CPU
		{CC03348C-0788-48CE-8DB1-6558C2606F80}.Debug|Any CPU.ActiveCfg = Debug|Any CPU
		{CC03348C-0788-48CE-8DB1-6558C2606F80}.Debug|Any CPU.Build.0 = Debug|Any CPU
		{CC03348C-0788-48CE-8DB1-6558C2606F80}.Release|Any CPU.ActiveCfg = Release|Any CPU
		{CC03348C-0788-48CE-8DB1-6558C2606F80}.Release|Any CPU.Build.0 = Release|Any CPU
	EndGlobalSection
	GlobalSection(SolutionProperties) = preSolution
		HideSolutionNode = FALSE
	EndGlobalSection
	GlobalSection(NestedProjects) = preSolution
		{5A3EC7B4-95AD-4262-A733-8518062BABCC} = {4DACFA66-5669-4A30-A812-98A9C9D7B0D7}
		{3D399BED-7446-4B77-AD4C-DDF3892148E7} = {4DACFA66-5669-4A30-A812-98A9C9D7B0D7}
		{5EF7C89A-A3DD-4EBC-8106-65F0D66F9935} = {3D399BED-7446-4B77-AD4C-DDF3892148E7}
		{47179534-DCB7-451B-A96F-DF9000A4A1FA} = {3D399BED-7446-4B77-AD4C-DDF3892148E7}
		{D732F38A-FEDF-4034-AE32-CC4D79094F47} = {3D399BED-7446-4B77-AD4C-DDF3892148E7}
		{61CF06D0-8F40-4356-B486-D287C50A5596} = {5A3EC7B4-95AD-4262-A733-8518062BABCC}
		{35396733-B9E4-4480-95AD-096EDDAC46E1} = {5A3EC7B4-95AD-4262-A733-8518062BABCC}
		{874AF392-27E0-4B99-AE34-805CA9B7ECCA} = {5A3EC7B4-95AD-4262-A733-8518062BABCC}
		{46348B56-CABD-4311-88A9-C9145A0C9B6A} = {5A3EC7B4-95AD-4262-A733-8518062BABCC}
		{078CD4E5-F8A9-4E46-8147-58F336C4F7FA} = {3D399BED-7446-4B77-AD4C-DDF3892148E7}
		{C3492202-54EF-4AE2-B70D-48F3E13D8CF4} = {0436ED1D-E8B2-426C-83D1-6CBA5A89D229}
		{CC03348C-0788-48CE-8DB1-6558C2606F80} = {18BCBB59-3C99-4652-B1A9-8F1BEF76BD73}
	EndGlobalSection
	GlobalSection(ExtensibilityGlobals) = postSolution
		SolutionGuid = {4BCCA4AD-8A25-43B2-8A95-7FA52F6ED09B}
	EndGlobalSection
EndGlobal
